
Microsoft Visual Studio Solution File, Format Version 12.00
Project("{FAE04EC0-301F-11D3-BF4B-00C04F79EFBC}") = "WPF_MVVM_TEMPLATE", "WPF_MVVM_TEMPLATE.csproj", "{C6D45D87-3243-4282-81F7-A5DBB5F595B4}"
EndProject
Global
	GlobalSection(SolutionConfigurationPlatforms) = preSolution
		Debug|Any CPU = Debug|Any CPU
		Release|Any CPU = Release|Any CPU
	EndGlobalSection
	GlobalSection(ProjectConfigurationPlatforms) = postSolution
		{C6D45D87-3243-4282-81F7-A5DBB5F595B4}.Debug|Any CPU.ActiveCfg = Debug|Any CPU
		{C6D45D87-3243-4282-81F7-A5DBB5F595B4}.Debug|Any CPU.Build.0 = Debug|Any CPU
		{C6D45D87-3243-4282-81F7-A5DBB5F595B4}.Release|Any CPU.ActiveCfg = Release|Any CPU
		{C6D45D87-3243-4282-81F7-A5DBB5F595B4}.Release|Any CPU.Build.0 = Release|Any CPU
	EndGlobalSection
EndGlobal
